Microsoft Visual Studio Solution File, Format Version 12.00
# Visual Studio Version 17
VisualStudioVersion = 17.5.2.0
MinimumVisualStudioVersion = 10.0.40219.1
Project("{FAE04EC0-301F-11D3-BF4B-00C04F79EFBC}") = "HngStageOne", "HngStageOne.csproj", "{3027F5CE-CB62-6690-EB20-62B89F757DC8}"
EndProject
Global
	GlobalSection(SolutionConfigurationPlatforms) = preSolution
		Debug|Any CPU = Debug|Any CPU
		Release|Any CPU = Release|Any CPU
	EndGlobalSection
	GlobalSection(ProjectConfigurationPlatforms) = postSolution
		{3027F5CE-CB62-6690-EB20-62B89F757DC8}.Debug|Any CPU.ActiveCfg = Debug|Any CPU
		{3027F5CE-CB62-6690-EB20-62B89F757DC8}.Debug|Any CPU.Build.0 = Debug|Any CPU
		{3027F5CE-CB62-6690-EB20-62B89F757DC8}.Release|Any CPU.ActiveCfg = Release|Any CPU
		{3027F5CE-CB62-6690-EB20-62B89F757DC8}.Release|Any CPU.Build.0 = Release|Any CPU
	EndGlobalSection
	GlobalSection(SolutionProperties) = preSolution
		HideSolutionNode = FALSE
	EndGlobalSection
	GlobalSection(ExtensibilityGlobals) = postSolution
		SolutionGuid = {908D4F28-187C-4801-9C69-80F969A498FB}
	EndGlobalSection
EndGlobal
